
Microsoft Visual Studio Solution File, Format Version 12.00
# Visual Studio Version 17
VisualStudioVersion = 17.6.33717.318
MinimumVisualStudioVersion = 10.0.40219.1
Project("{FAE04EC0-301F-11D3-BF4B-00C04F79EFBC}") = "13IA Teacher Quiz Software", "13IA Teacher Quiz Software\13IA Teacher Quiz Software.csproj", "{85317E1F-AF78-42BD-81F0-3A24D52CEC44}"
EndProject
Global
	GlobalSection(SolutionConfigurationPlatforms) = preSolution
		Debug|Any CPU = Debug|Any CPU
		Release|Any CPU = Release|Any CPU
	EndGlobalSection
	GlobalSection(ProjectConfigurationPlatforms) = postSolution
		{85317E1F-AF78-42BD-81F0-3A24D52CEC44}.Debug|Any CPU.ActiveCfg = Debug|Any CPU
		{85317E1F-AF78-42BD-81F0-3A24D52CEC44}.Debug|Any CPU.Build.0 = Debug|Any CPU
		{85317E1F-AF78-42BD-81F0-3A24D52CEC44}.Release|Any CPU.ActiveCfg = Release|Any CPU
		{85317E1F-AF78-42BD-81F0-3A24D52CEC44}.Release|Any CPU.Build.0 = Release|Any CPU
	EndGlobalSection
	GlobalSection(SolutionProperties) = preSolution
		HideSolutionNode = FALSE
	EndGlobalSection
	GlobalSection(ExtensibilityGlobals) = postSolution
		SolutionGuid = {A1B03855-C35B-4356-9B80-3E4CA88B3A17}
	EndGlobalSection
EndGlobal
